
Microsoft Visual Studio Solution File, Format Version 12.00
# Visual Studio Version 17
VisualStudioVersion = 17.9.34616.47
MinimumVisualStudioVersion = 10.0.40219.1
Project("{FAE04EC0-301F-11D3-BF4B-00C04F79EFBC}") = "CasaConnect", "CasaConnect.csproj", "{BF0F36D8-A483-4933-B15B-0280DFA04592}"
EndProject
Global
	GlobalSection(SolutionConfigurationPlatforms) = preSolution
		Debug|Any CPU = Debug|Any CPU
		Release|Any CPU = Release|Any CPU
	EndGlobalSection
	GlobalSection(ProjectConfigurationPlatforms) = postSolution
		{BF0F36D8-A483-4933-B15B-0280DFA04592}.Debug|Any CPU.ActiveCfg = Debug|Any CPU
		{BF0F36D8-A483-4933-B15B-0280DFA04592}.Debug|Any CPU.Build.0 = Debug|Any CPU
		{BF0F36D8-A483-4933-B15B-0280DFA04592}.Release|Any CPU.ActiveCfg = Release|Any CPU
		{BF0F36D8-A483-4933-B15B-0280DFA04592}.Release|Any CPU.Build.0 = Release|Any CPU
	EndGlobalSection
	GlobalSection(SolutionProperties) = preSolution
		HideSolutionNode = FALSE
	EndGlobalSection
	GlobalSection(ExtensibilityGlobals) = postSolution
		SolutionGuid = {F10AB72E-6D82-4A09-A9DA-137EDACC226F}
	EndGlobalSection
EndGlobal
